
Microsoft Visual Studio Solution File, Format Version 12.00
# Visual Studio Version 17
VisualStudioVersion = 17.3.32901.215
MinimumVisualStudioVersion = 10.0.40219.1
Project("{FAE04EC0-301F-11D3-BF4B-00C04F79EFBC}") = "NumberGuess", "NumberGuess\NumberGuess.csproj", "{F743C18C-2226-43E7-BEE6-EB179DED9F33}"
EndProject
Global
	GlobalSection(SolutionConfigurationPlatforms) = preSolution
		Debug|Any CPU = Debug|Any CPU
		Release|Any CPU = Release|Any CPU
	EndGlobalSection
	GlobalSection(ProjectConfigurationPlatforms) = postSolution
		{F743C18C-2226-43E7-BEE6-EB179DED9F33}.Debug|Any CPU.ActiveCfg = Debug|Any CPU
		{F743C18C-2226-43E7-BEE6-EB179DED9F33}.Debug|Any CPU.Build.0 = Debug|Any CPU
		{F743C18C-2226-43E7-BEE6-EB179DED9F33}.Release|Any CPU.ActiveCfg = Release|Any CPU
		{F743C18C-2226-43E7-BEE6-EB179DED9F33}.Release|Any CPU.Build.0 = Release|Any CPU
	EndGlobalSection
	GlobalSection(SolutionProperties) = preSolution
		HideSolutionNode = FALSE
	EndGlobalSection
	GlobalSection(ExtensibilityGlobals) = postSolution
		SolutionGuid = {FB07F497-94F3-479D-A044-2D8662F5BC3D}
	EndGlobalSection
EndGlobal
